// !$*UTF8*$!
{
	archiveVersion = 1;
	classes = {
	};
	objectVersion = 77;
	objects = {

/* Begin PBXBuildFile section */
		11051E012F929079005CE09D /* Frameworks/MediaRemoteAdapter.framework in Embed Frameworks */ = {isa = PBXBuildFile; fileRef = 11051E002F929079005CE09D /* Frameworks/MediaRemoteAdapter.framework */; settings = {ATTRIBUTES = (CodeSignOnCopy, RemoveHeadersOnCopy, ); }; };
		113717682FA17B980012480C /* Sparkle in Frameworks */ = {isa = PBXBuildFile; productRef = 113717672FA17B980012480C /* Sparkle */; };
		D0C1000C2FA400000000000C /* DockyDockWatchdog.app in Embed Watchdog */ = {isa = PBXBuildFile; fileRef = D0C100012FA4000000000001 /* DockyDockWatchdog.app */; settings = {ATTRIBUTES = (CodeSignOnCopy, RemoveHeadersOnCopy, ); }; };
		D0C2A0012FB0000000000001 /* ProfileTriggerTests.swift in Sources */ = {isa = PBXBuildFile; fileRef = D0C2A0042FB0000000000004 /* ProfileTriggerTests.swift */; };
		D0C2A0022FB0000000000002 /* ProfileTrigger.swift in Sources */ = {isa = PBXBuildFile; fileRef = D0C2A0052FB0000000000005 /* ProfileTrigger.swift */; };
		D0C2A0032FB0000000000003 /* XCTest.framework in Frameworks */ = {isa = PBXBuildFile; fileRef = D0C2A0072FB0000000000007 /* XCTest.framework */; };
		D0C2A0102FB0000000000010 /* ExternalWidgetRuntimePolicyTests.swift in Sources */ = {isa = PBXBuildFile; fileRef = D0C2A0122FB0000000000012 /* ExternalWidgetRuntimePolicyTests.swift */; };
		D0C2A0112FB0000000000011 /* ExternalWidgetRuntimePolicy.swift in Sources */ = {isa = PBXBuildFile; fileRef = D0C2A0132FB0000000000013 /* ExternalWidgetRuntimePolicy.swift */; };
		D0C2A0202FB0000000000020 /* AtomicJSONFileStoreTests.swift in Sources */ = {isa = PBXBuildFile; fileRef = D0C2A0222FB0000000000022 /* AtomicJSONFileStoreTests.swift */; };
		D0C2A0212FB0000000000021 /* AtomicJSONFileStore.swift in Sources */ = {isa = PBXBuildFile; fileRef = D0C2A0232FB0000000000023 /* AtomicJSONFileStore.swift */; };
		D0C2A0302FB0000000000030 /* DisplaySpaceSnapshotTests.swift in Sources */ = {isa = PBXBuildFile; fileRef = D0C2A0322FB0000000000032 /* DisplaySpaceSnapshotTests.swift */; };
		D0C2A0312FB0000000000031 /* DisplaySpaceSnapshot.swift in Sources */ = {isa = PBXBuildFile; fileRef = D0C2A0332FB0000000000033 /* DisplaySpaceSnapshot.swift */; };
		D0C2A0402FB0000000000040 /* DockVisibilityReducerTests.swift in Sources */ = {isa = PBXBuildFile; fileRef = D0C2A0432FB0000000000043 /* DockVisibilityReducerTests.swift */; };
		D0C2A0412FB0000000000041 /* MainWindowInteractionLeaseTests.swift in Sources */ = {isa = PBXBuildFile; fileRef = D0C2A0442FB0000000000044 /* MainWindowInteractionLeaseTests.swift */; };
		D0C2A0422FB0000000000042 /* DockVisibilityReducer.swift in Sources */ = {isa = PBXBuildFile; fileRef = D0C2A0452FB0000000000045 /* DockVisibilityReducer.swift */; };
		D0C2A0502FB0000000000050 /* AXRequestGenerationTests.swift in Sources */ = {isa = PBXBuildFile; fileRef = D0C2A0522FB0000000000052 /* AXRequestGenerationTests.swift */; };
		D0C2A0512FB0000000000051 /* AXRequestGeneration.swift in Sources */ = {isa = PBXBuildFile; fileRef = D0C2A0532FB0000000000053 /* AXRequestGeneration.swift */; };
		D0C2A0602FB0000000000060 /* PresentationGenerationTests.swift in Sources */ = {isa = PBXBuildFile; fileRef = D0C2A0622FB0000000000062 /* PresentationGenerationTests.swift */; };
		D0C2A0612FB0000000000061 /* PresentationGeneration.swift in Sources */ = {isa = PBXBuildFile; fileRef = D0C2A0632FB0000000000063 /* PresentationGeneration.swift */; };
		D0C2A0702FB0000000000070 /* PreferenceResetScopeTests.swift in Sources */ = {isa = PBXBuildFile; fileRef = D0C2A0722FB0000000000072 /* PreferenceResetScopeTests.swift */; };
		D0C2A0712FB0000000000071 /* PreferenceResetScope.swift in Sources */ = {isa = PBXBuildFile; fileRef = D0C2A0732FB0000000000073 /* PreferenceResetScope.swift */; };
		D0C2A0802FB0000000000080 /* FolderRenderAccessSourceContractTests.swift in Sources */ = {isa = PBXBuildFile; fileRef = D0C2A0822FB0000000000082 /* FolderRenderAccessSourceContractTests.swift */; };
		D0C2A0902FB0000000000090 /* ProfileStoreEnvelopeTests.swift in Sources */ = {isa = PBXBuildFile; fileRef = D0C2A0922FB0000000000092 /* ProfileStoreEnvelopeTests.swift */; };
		D0C2A0912FB0000000000091 /* ProfileStoreEnvelope.swift in Sources */ = {isa = PBXBuildFile; fileRef = D0C2A0932FB0000000000093 /* ProfileStoreEnvelope.swift */; };
		D0C2A0A02FB00000000000A0 /* ManagedUserAssetStoreTests.swift in Sources */ = {isa = PBXBuildFile; fileRef = D0C2A0A22FB00000000000A2 /* ManagedUserAssetStoreTests.swift */; };
		D0C2A0A12FB00000000000A1 /* ManagedUserAssetStore.swift in Sources */ = {isa = PBXBuildFile; fileRef = D0C2A0A32FB00000000000A3 /* ManagedUserAssetStore.swift */; };
		D0C2A0B02FB00000000000B0 /* CoalescingPersistenceCoordinatorTests.swift in Sources */ = {isa = PBXBuildFile; fileRef = D0C2A0B22FB00000000000B2 /* CoalescingPersistenceCoordinatorTests.swift */; };
		D0C2A0B12FB00000000000B1 /* CoalescingPersistenceCoordinator.swift in Sources */ = {isa = PBXBuildFile; fileRef = D0C2A0B32FB00000000000B3 /* CoalescingPersistenceCoordinator.swift */; };
		D0C2A0C02FB00000000000C0 /* LegacyUserAssetRecoveryTests.swift in Sources */ = {isa = PBXBuildFile; fileRef = D0C2A0C22FB00000000000C2 /* LegacyUserAssetRecoveryTests.swift */; };
		D0C2A0C12FB00000000000C1 /* LegacyUserAssetRecovery.swift in Sources */ = {isa = PBXBuildFile; fileRef = D0C2A0C32FB00000000000C3 /* LegacyUserAssetRecovery.swift */; };
		D0C2A0D02FB00000000000D0 /* LocalImageDecoderTests.swift in Sources */ = {isa = PBXBuildFile; fileRef = D0C2A0D22FB00000000000D2 /* LocalImageDecoderTests.swift */; };
		D0C2A0D12FB00000000000D1 /* LocalImageDecoder.swift in Sources */ = {isa = PBXBuildFile; fileRef = D0C2A0D32FB00000000000D3 /* LocalImageDecoder.swift */; };
		D0C2A0E02FB00000000000E0 /* ThemeArchivePolicyTests.swift in Sources */ = {isa = PBXBuildFile; fileRef = D0C2A0E22FB00000000000E2 /* ThemeArchivePolicyTests.swift */; };
		D0C2A0E12FB00000000000E1 /* ThemeArchivePolicy.swift in Sources */ = {isa = PBXBuildFile; fileRef = D0C2A0E32FB00000000000E3 /* ThemeArchivePolicy.swift */; };
		D0C2A0F12FB00000000000F1 /* BoundedProcessRunner.swift in Sources */ = {isa = PBXBuildFile; fileRef = D0C2A0F32FB00000000000F3 /* BoundedProcessRunner.swift */; };
		D0C2A1002FB0000000000100 /* FeedbackBundlePreparationTests.swift in Sources */ = {isa = PBXBuildFile; fileRef = D0C2A1022FB0000000000102 /* FeedbackBundlePreparationTests.swift */; };
		D0C2A1012FB0000000000101 /* FeedbackBundleWorker.swift in Sources */ = {isa = PBXBuildFile; fileRef = D0C2A1032FB0000000000103 /* FeedbackBundleWorker.swift */; };
		D0C2A1042FB0000000000104 /* FeedbackBoundedProcessRunner.swift in Sources */ = {isa = PBXBuildFile; fileRef = D0C2A1052FB0000000000105 /* FeedbackBoundedProcessRunner.swift */; };
		D0C2A1102FB0000000000110 /* ThemeManifestPolicyTests.swift in Sources */ = {isa = PBXBuildFile; fileRef = D0C2A1152FB0000000000115 /* ThemeManifestPolicyTests.swift */; };
		D0C2A1112FB0000000000111 /* ThemeManifestPolicy.swift in Sources */ = {isa = PBXBuildFile; fileRef = D0C2A1162FB0000000000116 /* ThemeManifestPolicy.swift */; };
		D0C2A1122FB0000000000112 /* Theme.swift in Sources */ = {isa = PBXBuildFile; fileRef = D0C2A1172FB0000000000117 /* Theme.swift */; };
		D0C2A1132FB0000000000113 /* DiagnosticPrivacyTests.swift in Sources */ = {isa = PBXBuildFile; fileRef = D0C2A1182FB0000000000118 /* DiagnosticPrivacyTests.swift */; };
		D0C2A1142FB0000000000114 /* DiagnosticPrivacy.swift in Sources */ = {isa = PBXBuildFile; fileRef = D0C2A1192FB0000000000119 /* DiagnosticPrivacy.swift */; };
		D0C2A1202FB0000000000120 /* WindowReservationPermissionTests.swift in Sources */ = {isa = PBXBuildFile; fileRef = D0C2A1222FB0000000000122 /* WindowReservationPermissionTests.swift */; };
		D0C2A1212FB0000000000121 /* WindowReservationActivationPolicy.swift in Sources */ = {isa = PBXBuildFile; fileRef = D0C2A1232FB0000000000123 /* WindowReservationActivationPolicy.swift */; };
		D0C2A1302FB0000000000130 /* HandoffSuggestionStateTests.swift in Sources */ = {isa = PBXBuildFile; fileRef = D0C2A1322FB0000000000132 /* HandoffSuggestionStateTests.swift */; };
		D0C2A1312FB0000000000131 /* HandoffSuggestionState.swift in Sources */ = {isa = PBXBuildFile; fileRef = D0C2A1332FB0000000000133 /* HandoffSuggestionState.swift */; };
		D0C2A1402FB0000000000140 /* PresentedTileSnapshotTests.swift in Sources */ = {isa = PBXBuildFile; fileRef = D0C2A1422FB0000000000142 /* PresentedTileSnapshotTests.swift */; };
		D0C2A1412FB0000000000141 /* PresentedTileSnapshot.swift in Sources */ = {isa = PBXBuildFile; fileRef = D0C2A1432FB0000000000143 /* PresentedTileSnapshot.swift */; };
		D0C2A1512FB0000000000151 /* DockWindowTintLayerPolicy.swift in Sources */ = {isa = PBXBuildFile; fileRef = D0C2A1532FB0000000000153 /* DockWindowTintLayerPolicy.swift */; };
		D0C2A1602FB0000000000160 /* DockDropMutationPolicyTests.swift in Sources */ = {isa = PBXBuildFile; fileRef = D0C2A1622FB0000000000162 /* DockDropMutationPolicyTests.swift */; };
		D0C2A1612FB0000000000161 /* DockDropMutationPolicy.swift in Sources */ = {isa = PBXBuildFile; fileRef = D0C2A1632FB0000000000163 /* DockDropMutationPolicy.swift */; };
		D0C2A1702FB0000000000170 /* SystemDockSettingsSnapshotTests.swift in Sources */ = {isa = PBXBuildFile; fileRef = D0C2A1722FB0000000000172 /* SystemDockSettingsSnapshotTests.swift */; };
		D0C2A1712FB0000000000171 /* SystemDockSettingsSnapshot.swift in Sources */ = {isa = PBXBuildFile; fileRef = D0C2A1732FB0000000000173 /* SystemDockSettingsSnapshot.swift */; };
		D0C2A1802FB0000000000180 /* DockDragProfileIntegritySourceContractTests.swift in Sources */ = {isa = PBXBuildFile; fileRef = D0C2A1822FB0000000000182 /* DockDragProfileIntegritySourceContractTests.swift */; };
		D0C2B0002FB0000000000010 /* NormalizedPreferenceMutationTests.swift in Sources */ = {isa = PBXBuildFile; fileRef = D0C2B0002FB0000000000012 /* NormalizedPreferenceMutationTests.swift */; };
		D0C2B0002FB0000000000011 /* NormalizedPreferenceMutation.swift in Sources */ = {isa = PBXBuildFile; fileRef = D0C2B0002FB0000000000013 /* NormalizedPreferenceMutation.swift */; };
		D0C2C0002FB0000000000010 /* StartMenuEnablementPolicyTests.swift in Sources */ = {isa = PBXBuildFile; fileRef = D0C2C0002FB0000000000012 /* StartMenuEnablementPolicyTests.swift */; };
		D0C2C0002FB0000000000011 /* StartMenuEnablementPolicy.swift in Sources */ = {isa = PBXBuildFile; fileRef = D0C2C0002FB0000000000013 /* StartMenuEnablementPolicy.swift */; };
		D0C2D0002FB0000000000010 /* SystemDockRecoveryCoordination.swift in Watchdog Sources */ = {isa = PBXBuildFile; fileRef = D0C2D0002FB0000000000012 /* SystemDockRecoveryCoordination.swift */; };
		D0C2D0002FB0000000000011 /* SystemDockRecoveryCoordination.swift in Test Sources */ = {isa = PBXBuildFile; fileRef = D0C2D0002FB0000000000012 /* SystemDockRecoveryCoordination.swift */; };
		D0C2E0002FB0000000000010 /* MediaRemoteProcessLifecycleTests.swift in Sources */ = {isa = PBXBuildFile; fileRef = D0C2E0002FB0000000000012 /* MediaRemoteProcessLifecycleTests.swift */; };
		D0C2E0002FB0000000000011 /* MediaRemoteProcessLifecycle.swift in Sources */ = {isa = PBXBuildFile; fileRef = D0C2E0002FB0000000000013 /* MediaRemoteProcessLifecycle.swift */; };
/* End PBXBuildFile section */

/* Begin PBXContainerItemProxy section */
		D0C1000A2FA400000000000A /* PBXContainerItemProxy */ = {
			isa = PBXContainerItemProxy;
			containerPortal = 11051DDF2F929079005CE09D /* Project object */;
			proxyType = 1;
			remoteGlobalIDString = D0C100062FA4000000000006;
			remoteInfo = DockyDockWatchdog;
		};
/* End PBXContainerItemProxy section */

/* Begin PBXCopyFilesBuildPhase section */
		11051E022F929079005CE09D /* Embed Frameworks */ = {
			isa = PBXCopyFilesBuildPhase;
			buildActionMask = 2147483647;
			dstPath = "";
			dstSubfolderSpec = 10;
			files = (
				11051E012F929079005CE09D /* Frameworks/MediaRemoteAdapter.framework in Embed Frameworks */,
			);
			name = "Embed Frameworks";
			runOnlyForDeploymentPostprocessing = 0;
		};
		D0C1000D2FA400000000000D /* Embed Watchdog */ = {
			isa = PBXCopyFilesBuildPhase;
			buildActionMask = 2147483647;
			dstPath = "$(CONTENTS_FOLDER_PATH)/Library/LoginItems";
			dstSubfolderSpec = 16;
			files = (
				D0C1000C2FA400000000000C /* DockyDockWatchdog.app in Embed Watchdog */,
			);
			name = "Embed Watchdog";
			runOnlyForDeploymentPostprocessing = 0;
		};
/* End PBXCopyFilesBuildPhase section */

/* Begin PBXFileReference section */
		11051DE72F929079005CE09D /* Docky.app */ = {isa = PBXFileReference; explicitFileType = wrapper.application; includeInIndex = 0; path = Docky.app; sourceTree = BUILT_PRODUCTS_DIR; };
		11051E002F929079005CE09D /* Frameworks/MediaRemoteAdapter.framework */ = {isa = PBXFileReference; lastKnownFileType = wrapper.framework; path = Frameworks/MediaRemoteAdapter.framework; sourceTree = "<group>"; };
		D0C100012FA4000000000001 /* DockyDockWatchdog.app */ = {isa = PBXFileReference; explicitFileType = wrapper.application; includeInIndex = 0; path = DockyDockWatchdog.app; sourceTree = BUILT_PRODUCTS_DIR; };
		D0C2A0042FB0000000000004 /* ProfileTriggerTests.swift */ = {isa = PBXFileReference; lastKnownFileType = sourcecode.swift; path = ProfileTriggerTests.swift; sourceTree = "<group>"; };
		D0C2A0052FB0000000000005 /* ProfileTrigger.swift */ = {isa = PBXFileReference; lastKnownFileType = sourcecode.swift; name = ProfileTrigger.swift; path = Docky/Models/ProfileTrigger.swift; sourceTree = SOURCE_ROOT; };
		D0C2A0062FB0000000000006 /* DockyTests.xctest */ = {isa = PBXFileReference; explicitFileType = wrapper.cfbundle; includeInIndex = 0; path = DockyTests.xctest; sourceTree = BUILT_PRODUCTS_DIR; };
		D0C2A0072FB0000000000007 /* XCTest.framework */ = {isa = PBXFileReference; lastKnownFileType = wrapper.framework; name = XCTest.framework; path = Library/Frameworks/XCTest.framework; sourceTree = DEVELOPER_DIR; };
		D0C2A0122FB0000000000012 /* ExternalWidgetRuntimePolicyTests.swift */ = {isa = PBXFileReference; lastKnownFileType = sourcecode.swift; path = ExternalWidgetRuntimePolicyTests.swift; sourceTree = "<group>"; };
		D0C2A0132FB0000000000013 /* ExternalWidgetRuntimePolicy.swift */ = {isa = PBXFileReference; lastKnownFileType = sourcecode.swift; name = ExternalWidgetRuntimePolicy.swift; path = Docky/Models/ExternalWidgetRuntimePolicy.swift; sourceTree = SOURCE_ROOT; };
		D0C2A0222FB0000000000022 /* AtomicJSONFileStoreTests.swift */ = {isa = PBXFileReference; lastKnownFileType = sourcecode.swift; path = AtomicJSONFileStoreTests.swift; sourceTree = "<group>"; };
		D0C2A0232FB0000000000023 /* AtomicJSONFileStore.swift */ = {isa = PBXFileReference; lastKnownFileType = sourcecode.swift; name = AtomicJSONFileStore.swift; path = Docky/Services/AtomicJSONFileStore.swift; sourceTree = SOURCE_ROOT; };
		D0C2A0322FB0000000000032 /* DisplaySpaceSnapshotTests.swift */ = {isa = PBXFileReference; lastKnownFileType = sourcecode.swift; path = DisplaySpaceSnapshotTests.swift; sourceTree = "<group>"; };
		D0C2A0332FB0000000000033 /* DisplaySpaceSnapshot.swift */ = {isa = PBXFileReference; lastKnownFileType = sourcecode.swift; name = DisplaySpaceSnapshot.swift; path = Docky/Models/DisplaySpaceSnapshot.swift; sourceTree = SOURCE_ROOT; };
		D0C2A0432FB0000000000043 /* DockVisibilityReducerTests.swift */ = {isa = PBXFileReference; lastKnownFileType = sourcecode.swift; path = DockVisibilityReducerTests.swift; sourceTree = "<group>"; };
		D0C2A0442FB0000000000044 /* MainWindowInteractionLeaseTests.swift */ = {isa = PBXFileReference; lastKnownFileType = sourcecode.swift; path = MainWindowInteractionLeaseTests.swift; sourceTree = "<group>"; };
		D0C2A0452FB0000000000045 /* DockVisibilityReducer.swift */ = {isa = PBXFileReference; lastKnownFileType = sourcecode.swift; name = DockVisibilityReducer.swift; path = Docky/Views/MainWindow/DockVisibilityReducer.swift; sourceTree = SOURCE_ROOT; };
		D0C2A0522FB0000000000052 /* AXRequestGenerationTests.swift */ = {isa = PBXFileReference; lastKnownFileType = sourcecode.swift; path = AXRequestGenerationTests.swift; sourceTree = "<group>"; };
		D0C2A0532FB0000000000053 /* AXRequestGeneration.swift */ = {isa = PBXFileReference; lastKnownFileType = sourcecode.swift; name = AXRequestGeneration.swift; path = Docky/Models/AXRequestGeneration.swift; sourceTree = SOURCE_ROOT; };
		D0C2A0622FB0000000000062 /* PresentationGenerationTests.swift */ = {isa = PBXFileReference; lastKnownFileType = sourcecode.swift; path = PresentationGenerationTests.swift; sourceTree = "<group>"; };
		D0C2A0632FB0000000000063 /* PresentationGeneration.swift */ = {isa = PBXFileReference; lastKnownFileType = sourcecode.swift; name = PresentationGeneration.swift; path = Docky/Models/PresentationGeneration.swift; sourceTree = SOURCE_ROOT; };
		D0C2A0722FB0000000000072 /* PreferenceResetScopeTests.swift */ = {isa = PBXFileReference; lastKnownFileType = sourcecode.swift; path = PreferenceResetScopeTests.swift; sourceTree = "<group>"; };
		D0C2A0732FB0000000000073 /* PreferenceResetScope.swift */ = {isa = PBXFileReference; lastKnownFileType = sourcecode.swift; name = PreferenceResetScope.swift; path = Docky/Models/PreferenceResetScope.swift; sourceTree = SOURCE_ROOT; };
		D0C2A0822FB0000000000082 /* FolderRenderAccessSourceContractTests.swift */ = {isa = PBXFileReference; lastKnownFileType = sourcecode.swift; path = FolderRenderAccessSourceContractTests.swift; sourceTree = "<group>"; };
		D0C2A0922FB0000000000092 /* ProfileStoreEnvelopeTests.swift */ = {isa = PBXFileReference; lastKnownFileType = sourcecode.swift; path = ProfileStoreEnvelopeTests.swift; sourceTree = "<group>"; };
		D0C2A0932FB0000000000093 /* ProfileStoreEnvelope.swift */ = {isa = PBXFileReference; lastKnownFileType = sourcecode.swift; name = ProfileStoreEnvelope.swift; path = Docky/Models/ProfileStoreEnvelope.swift; sourceTree = SOURCE_ROOT; };
		D0C2A0A22FB00000000000A2 /* ManagedUserAssetStoreTests.swift */ = {isa = PBXFileReference; lastKnownFileType = sourcecode.swift; path = ManagedUserAssetStoreTests.swift; sourceTree = "<group>"; };
		D0C2A0A32FB00000000000A3 /* ManagedUserAssetStore.swift */ = {isa = PBXFileReference; lastKnownFileType = sourcecode.swift; name = ManagedUserAssetStore.swift; path = Docky/Models/ManagedUserAssetStore.swift; sourceTree = SOURCE_ROOT; };
		D0C2A0B22FB00000000000B2 /* CoalescingPersistenceCoordinatorTests.swift */ = {isa = PBXFileReference; lastKnownFileType = sourcecode.swift; path = CoalescingPersistenceCoordinatorTests.swift; sourceTree = "<group>"; };
		D0C2A0B32FB00000000000B3 /* CoalescingPersistenceCoordinator.swift */ = {isa = PBXFileReference; lastKnownFileType = sourcecode.swift; name = CoalescingPersistenceCoordinator.swift; path = Docky/Models/CoalescingPersistenceCoordinator.swift; sourceTree = SOURCE_ROOT; };
		D0C2A0C22FB00000000000C2 /* LegacyUserAssetRecoveryTests.swift */ = {isa = PBXFileReference; lastKnownFileType = sourcecode.swift; path = LegacyUserAssetRecoveryTests.swift; sourceTree = "<group>"; };
		D0C2A0C32FB00000000000C3 /* LegacyUserAssetRecovery.swift */ = {isa = PBXFileReference; lastKnownFileType = sourcecode.swift; name = LegacyUserAssetRecovery.swift; path = Docky/Models/LegacyUserAssetRecovery.swift; sourceTree = SOURCE_ROOT; };
		D0C2A0D22FB00000000000D2 /* LocalImageDecoderTests.swift */ = {isa = PBXFileReference; lastKnownFileType = sourcecode.swift; path = LocalImageDecoderTests.swift; sourceTree = "<group>"; };
		D0C2A0D32FB00000000000D3 /* LocalImageDecoder.swift */ = {isa = PBXFileReference; lastKnownFileType = sourcecode.swift; name = LocalImageDecoder.swift; path = Docky/Models/LocalImageDecoder.swift; sourceTree = SOURCE_ROOT; };
		D0C2A0E22FB00000000000E2 /* ThemeArchivePolicyTests.swift */ = {isa = PBXFileReference; lastKnownFileType = sourcecode.swift; path = ThemeArchivePolicyTests.swift; sourceTree = "<group>"; };
		D0C2A0E32FB00000000000E3 /* ThemeArchivePolicy.swift */ = {isa = PBXFileReference; lastKnownFileType = sourcecode.swift; name = ThemeArchivePolicy.swift; path = Docky/Models/ThemeArchivePolicy.swift; sourceTree = SOURCE_ROOT; };
		D0C2A0F32FB00000000000F3 /* BoundedProcessRunner.swift */ = {isa = PBXFileReference; lastKnownFileType = sourcecode.swift; name = BoundedProcessRunner.swift; path = Docky/Models/BoundedProcessRunner.swift; sourceTree = SOURCE_ROOT; };
		D0C2A1022FB0000000000102 /* FeedbackBundlePreparationTests.swift */ = {isa = PBXFileReference; lastKnownFileType = sourcecode.swift; path = FeedbackBundlePreparationTests.swift; sourceTree = "<group>"; };
		D0C2A1032FB0000000000103 /* FeedbackBundleWorker.swift */ = {isa = PBXFileReference; lastKnownFileType = sourcecode.swift; name = FeedbackBundleWorker.swift; path = Docky/Services/FeedbackBundleWorker.swift; sourceTree = SOURCE_ROOT; };
		D0C2A1052FB0000000000105 /* FeedbackBoundedProcessRunner.swift */ = {isa = PBXFileReference; lastKnownFileType = sourcecode.swift; name = FeedbackBoundedProcessRunner.swift; path = Docky/Services/FeedbackBoundedProcessRunner.swift; sourceTree = SOURCE_ROOT; };
		D0C2A1152FB0000000000115 /* ThemeManifestPolicyTests.swift */ = {isa = PBXFileReference; lastKnownFileType = sourcecode.swift; path = ThemeManifestPolicyTests.swift; sourceTree = "<group>"; };
		D0C2A1162FB0000000000116 /* ThemeManifestPolicy.swift */ = {isa = PBXFileReference; lastKnownFileType = sourcecode.swift; name = ThemeManifestPolicy.swift; path = Docky/Models/ThemeManifestPolicy.swift; sourceTree = SOURCE_ROOT; };
		D0C2A1172FB0000000000117 /* Theme.swift */ = {isa = PBXFileReference; lastKnownFileType = sourcecode.swift; name = Theme.swift; path = Docky/Models/Theme.swift; sourceTree = SOURCE_ROOT; };
		D0C2A1182FB0000000000118 /* DiagnosticPrivacyTests.swift */ = {isa = PBXFileReference; lastKnownFileType = sourcecode.swift; path = DiagnosticPrivacyTests.swift; sourceTree = "<group>"; };
		D0C2A1192FB0000000000119 /* DiagnosticPrivacy.swift */ = {isa = PBXFileReference; lastKnownFileType = sourcecode.swift; name = DiagnosticPrivacy.swift; path = Docky/Models/DiagnosticPrivacy.swift; sourceTree = SOURCE_ROOT; };
		D0C2A1222FB0000000000122 /* WindowReservationPermissionTests.swift */ = {isa = PBXFileReference; lastKnownFileType = sourcecode.swift; path = WindowReservationPermissionTests.swift; sourceTree = "<group>"; };
		D0C2A1232FB0000000000123 /* WindowReservationActivationPolicy.swift */ = {isa = PBXFileReference; lastKnownFileType = sourcecode.swift; name = WindowReservationActivationPolicy.swift; path = Docky/Models/WindowReservationActivationPolicy.swift; sourceTree = SOURCE_ROOT; };
		D0C2A1322FB0000000000132 /* HandoffSuggestionStateTests.swift */ = {isa = PBXFileReference; lastKnownFileType = sourcecode.swift; path = HandoffSuggestionStateTests.swift; sourceTree = "<group>"; };
		D0C2A1332FB0000000000133 /* HandoffSuggestionState.swift */ = {isa = PBXFileReference; lastKnownFileType = sourcecode.swift; name = HandoffSuggestionState.swift; path = Docky/Models/HandoffSuggestionState.swift; sourceTree = SOURCE_ROOT; };
		D0C2A1422FB0000000000142 /* PresentedTileSnapshotTests.swift */ = {isa = PBXFileReference; lastKnownFileType = sourcecode.swift; path = PresentedTileSnapshotTests.swift; sourceTree = "<group>"; };
		D0C2A1432FB0000000000143 /* PresentedTileSnapshot.swift */ = {isa = PBXFileReference; lastKnownFileType = sourcecode.swift; name = PresentedTileSnapshot.swift; path = Docky/Models/PresentedTileSnapshot.swift; sourceTree = SOURCE_ROOT; };
		D0C2A1532FB0000000000153 /* DockWindowTintLayerPolicy.swift */ = {isa = PBXFileReference; lastKnownFileType = sourcecode.swift; name = DockWindowTintLayerPolicy.swift; path = Docky/Models/DockWindowTintLayerPolicy.swift; sourceTree = SOURCE_ROOT; };
		D0C2A1622FB0000000000162 /* DockDropMutationPolicyTests.swift */ = {isa = PBXFileReference; lastKnownFileType = sourcecode.swift; path = DockDropMutationPolicyTests.swift; sourceTree = "<group>"; };
		D0C2A1632FB0000000000163 /* DockDropMutationPolicy.swift */ = {isa = PBXFileReference; lastKnownFileType = sourcecode.swift; name = DockDropMutationPolicy.swift; path = Docky/Models/DockDropMutationPolicy.swift; sourceTree = SOURCE_ROOT; };
		D0C2A1722FB0000000000172 /* SystemDockSettingsSnapshotTests.swift */ = {isa = PBXFileReference; lastKnownFileType = sourcecode.swift; path = SystemDockSettingsSnapshotTests.swift; sourceTree = "<group>"; };
		D0C2A1732FB0000000000173 /* SystemDockSettingsSnapshot.swift */ = {isa = PBXFileReference; lastKnownFileType = sourcecode.swift; name = SystemDockSettingsSnapshot.swift; path = Docky/Models/SystemDockSettingsSnapshot.swift; sourceTree = SOURCE_ROOT; };
		D0C2A1822FB0000000000182 /* DockDragProfileIntegritySourceContractTests.swift */ = {isa = PBXFileReference; lastKnownFileType = sourcecode.swift; path = DockDragProfileIntegritySourceContractTests.swift; sourceTree = "<group>"; };
		D0C2B0002FB0000000000012 /* NormalizedPreferenceMutationTests.swift */ = {isa = PBXFileReference; lastKnownFileType = sourcecode.swift; path = NormalizedPreferenceMutationTests.swift; sourceTree = "<group>"; };
		D0C2B0002FB0000000000013 /* NormalizedPreferenceMutation.swift */ = {isa = PBXFileReference; lastKnownFileType = sourcecode.swift; name = NormalizedPreferenceMutation.swift; path = Docky/Models/NormalizedPreferenceMutation.swift; sourceTree = SOURCE_ROOT; };
		D0C2C0002FB0000000000012 /* StartMenuEnablementPolicyTests.swift */ = {isa = PBXFileReference; lastKnownFileType = sourcecode.swift; path = StartMenuEnablementPolicyTests.swift; sourceTree = "<group>"; };
		D0C2C0002FB0000000000013 /* StartMenuEnablementPolicy.swift */ = {isa = PBXFileReference; lastKnownFileType = sourcecode.swift; name = StartMenuEnablementPolicy.swift; path = Docky/Models/StartMenuEnablementPolicy.swift; sourceTree = SOURCE_ROOT; };
		D0C2D0002FB0000000000012 /* SystemDockRecoveryCoordination.swift */ = {isa = PBXFileReference; lastKnownFileType = sourcecode.swift; name = SystemDockRecoveryCoordination.swift; path = Docky/Models/SystemDockRecoveryCoordination.swift; sourceTree = SOURCE_ROOT; };
		D0C2E0002FB0000000000012 /* MediaRemoteProcessLifecycleTests.swift */ = {isa = PBXFileReference; lastKnownFileType = sourcecode.swift; path = MediaRemoteProcessLifecycleTests.swift; sourceTree = "<group>"; };
		D0C2E0002FB0000000000013 /* MediaRemoteProcessLifecycle.swift */ = {isa = PBXFileReference; lastKnownFileType = sourcecode.swift; name = MediaRemoteProcessLifecycle.swift; path = Docky/Models/MediaRemoteProcessLifecycle.swift; sourceTree = SOURCE_ROOT; };
/* End PBXFileReference section */

/* Begin PBXFileSystemSynchronizedRootGroup section */
		11051DE92F929079005CE09D /* Docky */ = {
			isa = PBXFileSystemSynchronizedRootGroup;
			path = Docky;
			sourceTree = "<group>";
		};
		D0C100022FA4000000000002 /* DockyDockWatchdog */ = {
			isa = PBXFileSystemSynchronizedRootGroup;
			path = DockyDockWatchdog;
			sourceTree = "<group>";
		};
/* End PBXFileSystemSynchronizedRootGroup section */

/* Begin PBXFrameworksBuildPhase section */
		11051DE42F929079005CE09D /* Frameworks */ = {
			isa = PBXFrameworksBuildPhase;
			buildActionMask = 2147483647;
			files = (
				113717682FA17B980012480C /* Sparkle in Frameworks */,
			);
			runOnlyForDeploymentPostprocessing = 0;
		};
		D0C100042FA4000000000004 /* Frameworks */ = {
			isa = PBXFrameworksBuildPhase;
			buildActionMask = 2147483647;
			files = (
			);
			runOnlyForDeploymentPostprocessing = 0;
		};
		D0C2A00A2FB000000000000A /* Frameworks */ = {
			isa = PBXFrameworksBuildPhase;
			buildActionMask = 2147483647;
			files = (
				D0C2A0032FB0000000000003 /* XCTest.framework in Frameworks */,
			);
			runOnlyForDeploymentPostprocessing = 0;
		};
/* End PBXFrameworksBuildPhase section */

/* Begin PBXGroup section */
		11051DDE2F929079005CE09D = {
			isa = PBXGroup;
			children = (
				11051DE92F929079005CE09D /* Docky */,
				D0C100022FA4000000000002 /* DockyDockWatchdog */,
				D0C2A0082FB0000000000008 /* DockyTests */,
				11051E032F929079005CE09D /* Frameworks */,
				11051DE82F929079005CE09D /* Products */,
			);
			sourceTree = "<group>";
		};
		11051DE82F929079005CE09D /* Products */ = {
			isa = PBXGroup;
			children = (
				11051DE72F929079005CE09D /* Docky.app */,
				D0C100012FA4000000000001 /* DockyDockWatchdog.app */,
				D0C2A0062FB0000000000006 /* DockyTests.xctest */,
			);
			name = Products;
			sourceTree = "<group>";
		};
		11051E032F929079005CE09D /* Frameworks */ = {
			isa = PBXGroup;
			children = (
				11051E002F929079005CE09D /* Frameworks/MediaRemoteAdapter.framework */,
				D0C2A0072FB0000000000007 /* XCTest.framework */,
			);
			name = Frameworks;
			sourceTree = "<group>";
		};
		D0C2A0082FB0000000000008 /* DockyTests */ = {
			isa = PBXGroup;
			children = (
				D0C2A0042FB0000000000004 /* ProfileTriggerTests.swift */,
				D0C2A0052FB0000000000005 /* ProfileTrigger.swift */,
				D0C2A0122FB0000000000012 /* ExternalWidgetRuntimePolicyTests.swift */,
				D0C2A0132FB0000000000013 /* ExternalWidgetRuntimePolicy.swift */,
				D0C2A0222FB0000000000022 /* AtomicJSONFileStoreTests.swift */,
				D0C2A0232FB0000000000023 /* AtomicJSONFileStore.swift */,
				D0C2A0322FB0000000000032 /* DisplaySpaceSnapshotTests.swift */,
				D0C2A0332FB0000000000033 /* DisplaySpaceSnapshot.swift */,
				D0C2A0432FB0000000000043 /* DockVisibilityReducerTests.swift */,
				D0C2A0442FB0000000000044 /* MainWindowInteractionLeaseTests.swift */,
				D0C2A0452FB0000000000045 /* DockVisibilityReducer.swift */,
				D0C2A0522FB0000000000052 /* AXRequestGenerationTests.swift */,
				D0C2A0532FB0000000000053 /* AXRequestGeneration.swift */,
				D0C2A0622FB0000000000062 /* PresentationGenerationTests.swift */,
				D0C2A0632FB0000000000063 /* PresentationGeneration.swift */,
				D0C2A0722FB0000000000072 /* PreferenceResetScopeTests.swift */,
				D0C2A0732FB0000000000073 /* PreferenceResetScope.swift */,
				D0C2A0822FB0000000000082 /* FolderRenderAccessSourceContractTests.swift */,
				D0C2A0922FB0000000000092 /* ProfileStoreEnvelopeTests.swift */,
				D0C2A0932FB0000000000093 /* ProfileStoreEnvelope.swift */,
				D0C2A0A22FB00000000000A2 /* ManagedUserAssetStoreTests.swift */,
				D0C2A0A32FB00000000000A3 /* ManagedUserAssetStore.swift */,
				D0C2A0B22FB00000000000B2 /* CoalescingPersistenceCoordinatorTests.swift */,
				D0C2A0B32FB00000000000B3 /* CoalescingPersistenceCoordinator.swift */,
				D0C2A0C22FB00000000000C2 /* LegacyUserAssetRecoveryTests.swift */,
				D0C2A0C32FB00000000000C3 /* LegacyUserAssetRecovery.swift */,
				D0C2A0D22FB00000000000D2 /* LocalImageDecoderTests.swift */,
				D0C2A0D32FB00000000000D3 /* LocalImageDecoder.swift */,
				D0C2A0E22FB00000000000E2 /* ThemeArchivePolicyTests.swift */,
				D0C2A0E32FB00000000000E3 /* ThemeArchivePolicy.swift */,
				D0C2A0F32FB00000000000F3 /* BoundedProcessRunner.swift */,
				D0C2A1022FB0000000000102 /* FeedbackBundlePreparationTests.swift */,
				D0C2A1032FB0000000000103 /* FeedbackBundleWorker.swift */,
				D0C2A1052FB0000000000105 /* FeedbackBoundedProcessRunner.swift */,
				D0C2A1152FB0000000000115 /* ThemeManifestPolicyTests.swift */,
				D0C2A1162FB0000000000116 /* ThemeManifestPolicy.swift */,
				D0C2A1172FB0000000000117 /* Theme.swift */,
				D0C2A1182FB0000000000118 /* DiagnosticPrivacyTests.swift */,
				D0C2A1192FB0000000000119 /* DiagnosticPrivacy.swift */,
				D0C2A1222FB0000000000122 /* WindowReservationPermissionTests.swift */,
				D0C2A1232FB0000000000123 /* WindowReservationActivationPolicy.swift */,
				D0C2A1322FB0000000000132 /* HandoffSuggestionStateTests.swift */,
				D0C2A1332FB0000000000133 /* HandoffSuggestionState.swift */,
				D0C2A1422FB0000000000142 /* PresentedTileSnapshotTests.swift */,
				D0C2A1432FB0000000000143 /* PresentedTileSnapshot.swift */,
				D0C2A1532FB0000000000153 /* DockWindowTintLayerPolicy.swift */,
				D0C2A1622FB0000000000162 /* DockDropMutationPolicyTests.swift */,
				D0C2A1632FB0000000000163 /* DockDropMutationPolicy.swift */,
				D0C2A1722FB0000000000172 /* SystemDockSettingsSnapshotTests.swift */,
				D0C2A1732FB0000000000173 /* SystemDockSettingsSnapshot.swift */,
				D0C2A1822FB0000000000182 /* DockDragProfileIntegritySourceContractTests.swift */,
				D0C2B0002FB0000000000012 /* NormalizedPreferenceMutationTests.swift */,
				D0C2B0002FB0000000000013 /* NormalizedPreferenceMutation.swift */,
				D0C2C0002FB0000000000012 /* StartMenuEnablementPolicyTests.swift */,
				D0C2C0002FB0000000000013 /* StartMenuEnablementPolicy.swift */,
				D0C2D0002FB0000000000012 /* SystemDockRecoveryCoordination.swift */,
				D0C2E0002FB0000000000012 /* MediaRemoteProcessLifecycleTests.swift */,
				D0C2E0002FB0000000000013 /* MediaRemoteProcessLifecycle.swift */,
			);
			path = DockyTests;
			sourceTree = "<group>";
		};
/* End PBXGroup section */

/* Begin PBXNativeTarget section */
		11051DE62F929079005CE09D /* Docky */ = {
			isa = PBXNativeTarget;
			buildConfigurationList = 11051DF32F92907A005CE09D /* Build configuration list for PBXNativeTarget "Docky" */;
			buildPhases = (
				11051DE32F929079005CE09D /* Sources */,
				11051DE42F929079005CE09D /* Frameworks */,
				11051DE52F929079005CE09D /* Resources */,
				11051E022F929079005CE09D /* Embed Frameworks */,
				D0C1000D2FA400000000000D /* Embed Watchdog */,
				D0C10010BBBBBBBB00000001 /* Copy Bundled Themes */,
			);
			buildRules = (
			);
			dependencies = (
				D0C1000B2FA400000000000B /* PBXTargetDependency */,
			);
			fileSystemSynchronizedGroups = (
				11051DE92F929079005CE09D /* Docky */,
			);
			name = Docky;
			packageProductDependencies = (
				113717672FA17B980012480C /* Sparkle */,
			);
			productName = Docky;
			productReference = 11051DE72F929079005CE09D /* Docky.app */;
			productType = "com.apple.product-type.application";
		};
		D0C100062FA4000000000006 /* DockyDockWatchdog */ = {
			isa = PBXNativeTarget;
			buildConfigurationList = D0C100072FA4000000000007 /* Build configuration list for PBXNativeTarget "DockyDockWatchdog" */;
			buildPhases = (
				D0C100032FA4000000000003 /* Sources */,
				D0C100042FA4000000000004 /* Frameworks */,
				D0C100052FA4000000000005 /* Resources */,
			);
			buildRules = (
			);
			dependencies = (
			);
			fileSystemSynchronizedGroups = (
				D0C100022FA4000000000002 /* DockyDockWatchdog */,
			);
			name = DockyDockWatchdog;
			packageProductDependencies = (
			);
			productName = DockyDockWatchdog;
			productReference = D0C100012FA4000000000001 /* DockyDockWatchdog.app */;
			productType = "com.apple.product-type.application";
		};
		D0C2A00C2FB000000000000C /* DockyTests */ = {
			isa = PBXNativeTarget;
			buildConfigurationList = D0C2A00F2FB000000000000F /* Build configuration list for PBXNativeTarget "DockyTests" */;
			buildPhases = (
				D0C2A0092FB0000000000009 /* Sources */,
				D0C2A00A2FB000000000000A /* Frameworks */,
				D0C2A00B2FB000000000000B /* Resources */,
			);
			buildRules = (
			);
			dependencies = (
			);
			name = DockyTests;
			packageProductDependencies = (
			);
			productName = DockyTests;
			productReference = D0C2A0062FB0000000000006 /* DockyTests.xctest */;
			productType = "com.apple.product-type.bundle.unit-test";
		};
/* End PBXNativeTarget section */

/* Begin PBXProject section */
		11051DDF2F929079005CE09D /* Project object */ = {
			isa = PBXProject;
			attributes = {
				BuildIndependentTargetsInParallel = 1;
				LastSwiftUpdateCheck = 2640;
				LastUpgradeCheck = 2640;
				TargetAttributes = {
					11051DE62F929079005CE09D = {
						CreatedOnToolsVersion = 26.4;
					};
					D0C100062FA4000000000006 = {
						CreatedOnToolsVersion = 26.4;
					};
					D0C2A00C2FB000000000000C = {
						CreatedOnToolsVersion = 26.4;
					};
				};
			};
			buildConfigurationList = 11051DE22F929079005CE09D /* Build configuration list for PBXProject "Docky" */;
			developmentRegion = en;
			hasScannedForEncodings = 0;
			knownRegions = (
				en,
				es,
				Base,
			);
			mainGroup = 11051DDE2F929079005CE09D;
			minimizedProjectReferenceProxies = 1;
			packageReferences = (
				113717662FA17B980012480C /* XCRemoteSwiftPackageReference "Sparkle" */,
			);
			preferredProjectObjectVersion = 77;
			productRefGroup = 11051DE82F929079005CE09D /* Products */;
			projectDirPath = "";
			projectRoot = "";
			targets = (
				11051DE62F929079005CE09D /* Docky */,
				D0C100062FA4000000000006 /* DockyDockWatchdog */,
				D0C2A00C2FB000000000000C /* DockyTests */,
			);
		};
/* End PBXProject section */

/* Begin PBXResourcesBuildPhase section */
		11051DE52F929079005CE09D /* Resources */ = {
			isa = PBXResourcesBuildPhase;
			buildActionMask = 2147483647;
			files = (
			);
			runOnlyForDeploymentPostprocessing = 0;
		};
		D0C100052FA4000000000005 /* Resources */ = {
			isa = PBXResourcesBuildPhase;
			buildActionMask = 2147483647;
			files = (
			);
			runOnlyForDeploymentPostprocessing = 0;
		};
		D0C2A00B2FB000000000000B /* Resources */ = {
			isa = PBXResourcesBuildPhase;
			buildActionMask = 2147483647;
			files = (
			);
			runOnlyForDeploymentPostprocessing = 0;
		};
/* End PBXResourcesBuildPhase section */

/* Begin PBXShellScriptBuildPhase section */
		D0C10010BBBBBBBB00000001 /* Copy Bundled Themes */ = {
			isa = PBXShellScriptBuildPhase;
			alwaysOutOfDate = 1;
			buildActionMask = 2147483647;
			files = (
			);
			inputPaths = (
			);
			name = "Copy Bundled Themes";
			outputPaths = (
			);
			runOnlyForDeploymentPostprocessing = 0;
			shellPath = /bin/sh;
			shellScript = "# Mirror BundledThemes/ into the app's Resources/Themes/.\n# Folder-of-folders layout (not declared as folder references in\n# pbxproj) means we copy at build time so the nested\n# <theme-id>/theme.json + assets/*.png hierarchy survives.\n#\n# `--norsrc --noextattr --noacl` keeps codesign happy when the\n# source files came from a download that carried Finder metadata\n# (com.apple.quarantine, resource forks). Without these flags the\n# eventual CodeSign step would error with \"resource fork, Finder\n# information, or similar detritus not allowed\".\nset -e\nSRC=\"${SRCROOT}/BundledThemes\"\nDEST=\"${TARGET_BUILD_DIR}/${UNLOCALIZED_RESOURCES_FOLDER_PATH}/Themes\"\n\nif [ ! -d \"$SRC\" ]; then\n  echo \"note: no BundledThemes directory at $SRC; skipping\"\n  exit 0\nfi\n\nrm -rf \"$DEST\"\nmkdir -p \"$DEST\"\nditto --norsrc --noextattr --noacl \"$SRC/\" \"$DEST/\"\nxattr -cr \"$DEST\"\necho \"note: copied bundled themes to $DEST\"\n";
		};
/* End PBXShellScriptBuildPhase section */

/* Begin PBXSourcesBuildPhase section */
		11051DE32F929079005CE09D /* Sources */ = {
			isa = PBXSourcesBuildPhase;
			buildActionMask = 2147483647;
			files = (
			);
			runOnlyForDeploymentPostprocessing = 0;
		};
		D0C100032FA4000000000003 /* Sources */ = {
			isa = PBXSourcesBuildPhase;
			buildActionMask = 2147483647;
			files = (
				D0C2D0002FB0000000000010 /* SystemDockRecoveryCoordination.swift in Watchdog Sources */,
			);
			runOnlyForDeploymentPostprocessing = 0;
		};
		D0C2A0092FB0000000000009 /* Sources */ = {
			isa = PBXSourcesBuildPhase;
			buildActionMask = 2147483647;
			files = (
				D0C2A0022FB0000000000002 /* ProfileTrigger.swift in Sources */,
				D0C2A0012FB0000000000001 /* ProfileTriggerTests.swift in Sources */,
				D0C2A0112FB0000000000011 /* ExternalWidgetRuntimePolicy.swift in Sources */,
				D0C2A0102FB0000000000010 /* ExternalWidgetRuntimePolicyTests.swift in Sources */,
				D0C2A0212FB0000000000021 /* AtomicJSONFileStore.swift in Sources */,
				D0C2A0202FB0000000000020 /* AtomicJSONFileStoreTests.swift in Sources */,
				D0C2A0312FB0000000000031 /* DisplaySpaceSnapshot.swift in Sources */,
				D0C2A0302FB0000000000030 /* DisplaySpaceSnapshotTests.swift in Sources */,
				D0C2A0422FB0000000000042 /* DockVisibilityReducer.swift in Sources */,
				D0C2A0402FB0000000000040 /* DockVisibilityReducerTests.swift in Sources */,
				D0C2A0412FB0000000000041 /* MainWindowInteractionLeaseTests.swift in Sources */,
				D0C2A0512FB0000000000051 /* AXRequestGeneration.swift in Sources */,
				D0C2A0502FB0000000000050 /* AXRequestGenerationTests.swift in Sources */,
				D0C2A0612FB0000000000061 /* PresentationGeneration.swift in Sources */,
				D0C2A0602FB0000000000060 /* PresentationGenerationTests.swift in Sources */,
				D0C2A0712FB0000000000071 /* PreferenceResetScope.swift in Sources */,
				D0C2D0002FB0000000000011 /* SystemDockRecoveryCoordination.swift in Test Sources */,
				D0C2A0702FB0000000000070 /* PreferenceResetScopeTests.swift in Sources */,
				D0C2A0802FB0000000000080 /* FolderRenderAccessSourceContractTests.swift in Sources */,
				D0C2A0912FB0000000000091 /* ProfileStoreEnvelope.swift in Sources */,
				D0C2A0902FB0000000000090 /* ProfileStoreEnvelopeTests.swift in Sources */,
				D0C2A0A12FB00000000000A1 /* ManagedUserAssetStore.swift in Sources */,
				D0C2A0A02FB00000000000A0 /* ManagedUserAssetStoreTests.swift in Sources */,
				D0C2A0B12FB00000000000B1 /* CoalescingPersistenceCoordinator.swift in Sources */,
				D0C2A0B02FB00000000000B0 /* CoalescingPersistenceCoordinatorTests.swift in Sources */,
				D0C2A0C12FB00000000000C1 /* LegacyUserAssetRecovery.swift in Sources */,
				D0C2A0C02FB00000000000C0 /* LegacyUserAssetRecoveryTests.swift in Sources */,
				D0C2A0D12FB00000000000D1 /* LocalImageDecoder.swift in Sources */,
				D0C2A0D02FB00000000000D0 /* LocalImageDecoderTests.swift in Sources */,
				D0C2A0E12FB00000000000E1 /* ThemeArchivePolicy.swift in Sources */,
				D0C2A0E02FB00000000000E0 /* ThemeArchivePolicyTests.swift in Sources */,
				D0C2A0F12FB00000000000F1 /* BoundedProcessRunner.swift in Sources */,
				D0C2A1012FB0000000000101 /* FeedbackBundleWorker.swift in Sources */,
				D0C2A1042FB0000000000104 /* FeedbackBoundedProcessRunner.swift in Sources */,
				D0C2A1002FB0000000000100 /* FeedbackBundlePreparationTests.swift in Sources */,
				D0C2A1102FB0000000000110 /* ThemeManifestPolicyTests.swift in Sources */,
				D0C2A1112FB0000000000111 /* ThemeManifestPolicy.swift in Sources */,
				D0C2A1122FB0000000000112 /* Theme.swift in Sources */,
				D0C2A1132FB0000000000113 /* DiagnosticPrivacyTests.swift in Sources */,
				D0C2A1142FB0000000000114 /* DiagnosticPrivacy.swift in Sources */,
				D0C2A1202FB0000000000120 /* WindowReservationPermissionTests.swift in Sources */,
				D0C2A1212FB0000000000121 /* WindowReservationActivationPolicy.swift in Sources */,
				D0C2A1302FB0000000000130 /* HandoffSuggestionStateTests.swift in Sources */,
				D0C2A1312FB0000000000131 /* HandoffSuggestionState.swift in Sources */,
				D0C2A1402FB0000000000140 /* PresentedTileSnapshotTests.swift in Sources */,
				D0C2A1412FB0000000000141 /* PresentedTileSnapshot.swift in Sources */,
				D0C2A1512FB0000000000151 /* DockWindowTintLayerPolicy.swift in Sources */,
				D0C2A1602FB0000000000160 /* DockDropMutationPolicyTests.swift in Sources */,
				D0C2A1612FB0000000000161 /* DockDropMutationPolicy.swift in Sources */,
				D0C2A1702FB0000000000170 /* SystemDockSettingsSnapshotTests.swift in Sources */,
				D0C2A1712FB0000000000171 /* SystemDockSettingsSnapshot.swift in Sources */,
				D0C2A1802FB0000000000180 /* DockDragProfileIntegritySourceContractTests.swift in Sources */,
				D0C2B0002FB0000000000010 /* NormalizedPreferenceMutationTests.swift in Sources */,
				D0C2B0002FB0000000000011 /* NormalizedPreferenceMutation.swift in Sources */,
				D0C2C0002FB0000000000010 /* StartMenuEnablementPolicyTests.swift in Sources */,
				D0C2C0002FB0000000000011 /* StartMenuEnablementPolicy.swift in Sources */,
				D0C2E0002FB0000000000010 /* MediaRemoteProcessLifecycleTests.swift in Sources */,
				D0C2E0002FB0000000000011 /* MediaRemoteProcessLifecycle.swift in Sources */,
			);
			runOnlyForDeploymentPostprocessing = 0;
		};
/* End PBXSourcesBuildPhase section */

/* Begin PBXTargetDependency section */
		D0C1000B2FA400000000000B /* PBXTargetDependency */ = {
			isa = PBXTargetDependency;
			target = D0C100062FA4000000000006 /* DockyDockWatchdog */;
			targetProxy = D0C1000A2FA400000000000A /* PBXContainerItemProxy */;
		};
/* End PBXTargetDependency section */

/* Begin XCBuildConfiguration section */
		11051DF12F92907A005CE09D /* Debug */ = {
			isa = XCBuildConfiguration;
			buildSettings = {
				ALWAYS_SEARCH_USER_PATHS = NO;
				ASSETCATALOG_COMPILER_GENERATE_SWIFT_ASSET_SYMBOL_EXTENSIONS = YES;
				CLANG_ANALYZER_NONNULL = YES;
				CLANG_ANALYZER_NUMBER_OBJECT_CONVERSION = YES_AGGRESSIVE;
				CLANG_CXX_LANGUAGE_STANDARD = "gnu++20";
				CLANG_ENABLE_MODULES = YES;
				CLANG_ENABLE_OBJC_ARC = YES;
				CLANG_ENABLE_OBJC_WEAK = YES;
				CLANG_WARN_BLOCK_CAPTURE_AUTORELEASING = YES;
				CLANG_WARN_BOOL_CONVERSION = YES;
				CLANG_WARN_COMMA = YES;
				CLANG_WARN_CONSTANT_CONVERSION = YES;
				CLANG_WARN_DEPRECATED_OBJC_IMPLEMENTATIONS = YES;
				CLANG_WARN_DIRECT_OBJC_ISA_USAGE = YES_ERROR;
				CLANG_WARN_DOCUMENTATION_COMMENTS = YES;
				CLANG_WARN_EMPTY_BODY = YES;
				CLANG_WARN_ENUM_CONVERSION = YES;
				CLANG_WARN_INFINITE_RECURSION = YES;
				CLANG_WARN_INT_CONVERSION = YES;
				CLANG_WARN_NON_LITERAL_NULL_CONVERSION = YES;
				CLANG_WARN_OBJC_IMPLICIT_RETAIN_SELF = YES;
				CLANG_WARN_OBJC_LITERAL_CONVERSION = YES;
				CLANG_WARN_OBJC_ROOT_CLASS = YES_ERROR;
				CLANG_WARN_QUOTED_INCLUDE_IN_FRAMEWORK_HEADER = YES;
				CLANG_WARN_RANGE_LOOP_ANALYSIS = YES;
				CLANG_WARN_STRICT_PROTOTYPES = YES;
				CLANG_WARN_SUSPICIOUS_MOVE = YES;
				CLANG_WARN_UNGUARDED_AVAILABILITY = YES_AGGRESSIVE;
				CLANG_WARN_UNREACHABLE_CODE = YES;
				CLANG_WARN__DUPLICATE_METHOD_MATCH = YES;
				COPY_PHASE_STRIP = NO;
				DEBUG_INFORMATION_FORMAT = dwarf;
				DEVELOPMENT_TEAM = 2KC3797KP9;
				ENABLE_STRICT_OBJC_MSGSEND = YES;
				ENABLE_TESTABILITY = YES;
				ENABLE_USER_SCRIPT_SANDBOXING = YES;
				GCC_C_LANGUAGE_STANDARD = gnu17;
				GCC_DYNAMIC_NO_PIC = NO;
				GCC_NO_COMMON_BLOCKS = YES;
				GCC_OPTIMIZATION_LEVEL = 0;
				GCC_PREPROCESSOR_DEFINITIONS = (
					"DEBUG=1",
					"$(inherited)",
				);
				GCC_WARN_64_TO_32_BIT_CONVERSION = YES;
				GCC_WARN_ABOUT_RETURN_TYPE = YES_ERROR;
				GCC_WARN_UNDECLARED_SELECTOR = YES;
				GCC_WARN_UNINITIALIZED_AUTOS = YES_AGGRESSIVE;
				GCC_WARN_UNUSED_FUNCTION = YES;
				GCC_WARN_UNUSED_VARIABLE = YES;
				LOCALIZATION_PREFERS_STRING_CATALOGS = YES;
				MACOSX_DEPLOYMENT_TARGET = 14.0;
				MTL_ENABLE_DEBUG_INFO = INCLUDE_SOURCE;
				MTL_FAST_MATH = YES;
				ONLY_ACTIVE_ARCH = YES;
				SDKROOT = macosx;
				SWIFT_ACTIVE_COMPILATION_CONDITIONS = "DEBUG $(inherited)";
				SWIFT_OPTIMIZATION_LEVEL = "-Onone";
			};
			name = Debug;
		};
		11051DF22F92907A005CE09D /* Release */ = {
			isa = XCBuildConfiguration;
			buildSettings = {
				ALWAYS_SEARCH_USER_PATHS = NO;
				ASSETCATALOG_COMPILER_GENERATE_SWIFT_ASSET_SYMBOL_EXTENSIONS = YES;
				CLANG_ANALYZER_NONNULL = YES;
				CLANG_ANALYZER_NUMBER_OBJECT_CONVERSION = YES_AGGRESSIVE;
				CLANG_CXX_LANGUAGE_STANDARD = "gnu++20";
				CLANG_ENABLE_MODULES = YES;
				CLANG_ENABLE_OBJC_ARC = YES;
				CLANG_ENABLE_OBJC_WEAK = YES;
				CLANG_WARN_BLOCK_CAPTURE_AUTORELEASING = YES;
				CLANG_WARN_BOOL_CONVERSION = YES;
				CLANG_WARN_COMMA = YES;
				CLANG_WARN_CONSTANT_CONVERSION = YES;
				CLANG_WARN_DEPRECATED_OBJC_IMPLEMENTATIONS = YES;
				CLANG_WARN_DIRECT_OBJC_ISA_USAGE = YES_ERROR;
				CLANG_WARN_DOCUMENTATION_COMMENTS = YES;
				CLANG_WARN_EMPTY_BODY = YES;
				CLANG_WARN_ENUM_CONVERSION = YES;
				CLANG_WARN_INFINITE_RECURSION = YES;
				CLANG_WARN_INT_CONVERSION = YES;
				CLANG_WARN_NON_LITERAL_NULL_CONVERSION = YES;
				CLANG_WARN_OBJC_IMPLICIT_RETAIN_SELF = YES;
				CLANG_WARN_OBJC_LITERAL_CONVERSION = YES;
				CLANG_WARN_OBJC_ROOT_CLASS = YES_ERROR;
				CLANG_WARN_QUOTED_INCLUDE_IN_FRAMEWORK_HEADER = YES;
				CLANG_WARN_RANGE_LOOP_ANALYSIS = YES;
				CLANG_WARN_STRICT_PROTOTYPES = YES;
				CLANG_WARN_SUSPICIOUS_MOVE = YES;
				CLANG_WARN_UNGUARDED_AVAILABILITY = YES_AGGRESSIVE;
				CLANG_WARN_UNREACHABLE_CODE = YES;
				CLANG_WARN__DUPLICATE_METHOD_MATCH = YES;
				COPY_PHASE_STRIP = NO;
				DEBUG_INFORMATION_FORMAT = "dwarf-with-dsym";
				DEVELOPMENT_TEAM = 2KC3797KP9;
				ENABLE_NS_ASSERTIONS = NO;
				ENABLE_STRICT_OBJC_MSGSEND = YES;
				ENABLE_USER_SCRIPT_SANDBOXING = YES;
				GCC_C_LANGUAGE_STANDARD = gnu17;
				GCC_NO_COMMON_BLOCKS = YES;
				GCC_WARN_64_TO_32_BIT_CONVERSION = YES;
				GCC_WARN_ABOUT_RETURN_TYPE = YES_ERROR;
				GCC_WARN_UNDECLARED_SELECTOR = YES;
				GCC_WARN_UNINITIALIZED_AUTOS = YES_AGGRESSIVE;
				GCC_WARN_UNUSED_FUNCTION = YES;
				GCC_WARN_UNUSED_VARIABLE = YES;
				LOCALIZATION_PREFERS_STRING_CATALOGS = YES;
				MACOSX_DEPLOYMENT_TARGET = 14.0;
				MTL_ENABLE_DEBUG_INFO = NO;
				MTL_FAST_MATH = YES;
				SDKROOT = macosx;
				SWIFT_COMPILATION_MODE = wholemodule;
			};
			name = Release;
		};
		11051DF42F92907A005CE09D /* Debug */ = {
			isa = XCBuildConfiguration;
			buildSettings = {
				ASSETCATALOG_COMPILER_APPICON_NAME = Ducky;
				ASSETCATALOG_COMPILER_GLOBAL_ACCENT_COLOR_NAME = AccentColor;
				AUTOMATION_APPLE_EVENTS = YES;
				CODE_SIGN_IDENTITY = "Apple Development";
				CODE_SIGN_STYLE = Automatic;
				COMBINE_HIDPI_IMAGES = YES;
				CURRENT_PROJECT_VERSION = 202607010;
				DEBUG_INFORMATION_FORMAT = "dwarf-with-dsym";
				DEVELOPMENT_TEAM = 2KC3797KP9;
				ENABLE_APPLE_EVENTS = YES;
				ENABLE_APP_SANDBOX = NO;
				ENABLE_HARDENED_RUNTIME = YES;
				ENABLE_INCOMING_NETWORK_CONNECTIONS = NO;
				ENABLE_OUTGOING_NETWORK_CONNECTIONS = NO;
				ENABLE_RESOURCE_ACCESS_AUDIO_INPUT = NO;
				ENABLE_RESOURCE_ACCESS_BLUETOOTH = NO;
				ENABLE_RESOURCE_ACCESS_CALENDARS = YES;
				ENABLE_RESOURCE_ACCESS_CAMERA = NO;
				ENABLE_RESOURCE_ACCESS_CONTACTS = YES;
				ENABLE_RESOURCE_ACCESS_LOCATION = YES;
				ENABLE_RESOURCE_ACCESS_PHOTO_LIBRARY = NO;
				ENABLE_RESOURCE_ACCESS_PRINTING = NO;
				ENABLE_RESOURCE_ACCESS_USB = NO;
				ENABLE_USER_SCRIPT_SANDBOXING = NO;
				FRAMEWORK_SEARCH_PATHS = "$(inherited)";
				GENERATE_INFOPLIST_FILE = NO;
				INFOPLIST_FILE = Config/Info.plist;
				INFOPLIST_KEY_CFBundleDisplayName = Docky;
				INFOPLIST_KEY_LSApplicationCategoryType = "public.app-category.productivity";
				INFOPLIST_KEY_NSAppleEventsUsageDescription = "Docky needs automation access to control Finder, System Events, and supported apps for file, menu, and window actions.";
				INFOPLIST_KEY_NSCalendarsFullAccessUsageDescription = "Docky uses calendar access to show your next upcoming event in the calendar widget.";
				INFOPLIST_KEY_NSCalendarsUsageDescription = "Docky uses calendar access to show your next upcoming event in the calendar widget.";
				INFOPLIST_KEY_NSHumanReadableCopyright = "";
				INFOPLIST_KEY_NSLocationWhenInUseUsageDescription = "Docky uses your location to show local weather in the weather widget.";
				INFOPLIST_KEY_NSMainNibFile = MainMenu;
				INFOPLIST_KEY_NSPrincipalClass = NSApplication;
				INFOPLIST_KEY_NSRemindersFullAccessUsageDescription = "Docky uses reminders access to show your open tasks in the reminders widget.";
				INFOPLIST_KEY_NSRemindersUsageDescription = "Docky uses reminders access to show your open tasks in the reminders widget.";
				LD_RUNPATH_SEARCH_PATHS = (
					"$(inherited)",
					"@executable_path/../Frameworks",
				);
				MACOSX_DEPLOYMENT_TARGET = 14.0;
				MARKETING_VERSION = 0.9.1;
				PRODUCT_BUNDLE_IDENTIFIER = gt.quintero.Docky;
				PRODUCT_NAME = "$(TARGET_NAME)";
				PROVISIONING_PROFILE_SPECIFIER = "";
				REGISTER_APP_GROUPS = YES;
				RUNTIME_EXCEPTION_ALLOW_DYLD_ENVIRONMENT_VARIABLES = NO;
				RUNTIME_EXCEPTION_ALLOW_JIT = NO;
				RUNTIME_EXCEPTION_ALLOW_UNSIGNED_EXECUTABLE_MEMORY = NO;
				RUNTIME_EXCEPTION_DEBUGGING_TOOL = NO;
				RUNTIME_EXCEPTION_DISABLE_EXECUTABLE_PAGE_PROTECTION = NO;
				RUNTIME_EXCEPTION_DISABLE_LIBRARY_VALIDATION = NO;
				STRING_CATALOG_GENERATE_SYMBOLS = YES;
				SWIFT_APPROACHABLE_CONCURRENCY = YES;
				SWIFT_DEFAULT_ACTOR_ISOLATION = MainActor;
				SWIFT_EMIT_LOC_STRINGS = YES;
				SWIFT_UPCOMING_FEATURE_MEMBER_IMPORT_VISIBILITY = YES;
				SWIFT_VERSION = 5.0;
			};
			name = Debug;
		};
		11051DF52F92907A005CE09D /* Release */ = {
			isa = XCBuildConfiguration;
			buildSettings = {
				ASSETCATALOG_COMPILER_APPICON_NAME = Ducky;
				ASSETCATALOG_COMPILER_GLOBAL_ACCENT_COLOR_NAME = AccentColor;
				AUTOMATION_APPLE_EVENTS = YES;
				CODE_SIGN_IDENTITY = "Apple Development";
				CODE_SIGN_STYLE = Automatic;
				COMBINE_HIDPI_IMAGES = YES;
				CURRENT_PROJECT_VERSION = 202607010;
				DEBUG_INFORMATION_FORMAT = "dwarf-with-dsym";
				DEVELOPMENT_TEAM = 2KC3797KP9;
				ENABLE_APPLE_EVENTS = YES;
				ENABLE_APP_SANDBOX = NO;
				ENABLE_HARDENED_RUNTIME = YES;
				ENABLE_INCOMING_NETWORK_CONNECTIONS = NO;
				ENABLE_OUTGOING_NETWORK_CONNECTIONS = NO;
				ENABLE_RESOURCE_ACCESS_AUDIO_INPUT = NO;
				ENABLE_RESOURCE_ACCESS_BLUETOOTH = NO;
				ENABLE_RESOURCE_ACCESS_CALENDARS = YES;
				ENABLE_RESOURCE_ACCESS_CAMERA = NO;
				ENABLE_RESOURCE_ACCESS_CONTACTS = YES;
				ENABLE_RESOURCE_ACCESS_LOCATION = YES;
				ENABLE_RESOURCE_ACCESS_PHOTO_LIBRARY = NO;
				ENABLE_RESOURCE_ACCESS_PRINTING = NO;
				ENABLE_RESOURCE_ACCESS_USB = NO;
				ENABLE_USER_SCRIPT_SANDBOXING = NO;
				FRAMEWORK_SEARCH_PATHS = "$(inherited)";
				GENERATE_INFOPLIST_FILE = NO;
				INFOPLIST_FILE = Config/Info.plist;
				INFOPLIST_KEY_CFBundleDisplayName = Docky;
				INFOPLIST_KEY_LSApplicationCategoryType = "public.app-category.productivity";
				INFOPLIST_KEY_NSAppleEventsUsageDescription = "Docky needs automation access to control Finder, System Events, and supported apps for file, menu, and window actions.";
				INFOPLIST_KEY_NSCalendarsFullAccessUsageDescription = "Docky uses calendar access to show your next upcoming event in the calendar widget.";
				INFOPLIST_KEY_NSCalendarsUsageDescription = "Docky uses calendar access to show your next upcoming event in the calendar widget.";
				INFOPLIST_KEY_NSHumanReadableCopyright = "";
				INFOPLIST_KEY_NSLocationWhenInUseUsageDescription = "Docky uses your location to show local weather in the weather widget.";
				INFOPLIST_KEY_NSMainNibFile = MainMenu;
				INFOPLIST_KEY_NSPrincipalClass = NSApplication;
				INFOPLIST_KEY_NSRemindersFullAccessUsageDescription = "Docky uses reminders access to show your open tasks in the reminders widget.";
				INFOPLIST_KEY_NSRemindersUsageDescription = "Docky uses reminders access to show your open tasks in the reminders widget.";
				LD_RUNPATH_SEARCH_PATHS = (
					"$(inherited)",
					"@executable_path/../Frameworks",
				);
				MACOSX_DEPLOYMENT_TARGET = 14.0;
				MARKETING_VERSION = 0.9.1;
				PRODUCT_BUNDLE_IDENTIFIER = gt.quintero.Docky;
				PRODUCT_NAME = "$(TARGET_NAME)";
				PROVISIONING_PROFILE_SPECIFIER = "";
				REGISTER_APP_GROUPS = YES;
				RUNTIME_EXCEPTION_ALLOW_DYLD_ENVIRONMENT_VARIABLES = NO;
				RUNTIME_EXCEPTION_ALLOW_JIT = NO;
				RUNTIME_EXCEPTION_ALLOW_UNSIGNED_EXECUTABLE_MEMORY = NO;
				RUNTIME_EXCEPTION_DEBUGGING_TOOL = NO;
				RUNTIME_EXCEPTION_DISABLE_EXECUTABLE_PAGE_PROTECTION = NO;
				RUNTIME_EXCEPTION_DISABLE_LIBRARY_VALIDATION = NO;
				STRING_CATALOG_GENERATE_SYMBOLS = YES;
				SWIFT_APPROACHABLE_CONCURRENCY = YES;
				SWIFT_DEFAULT_ACTOR_ISOLATION = MainActor;
				SWIFT_EMIT_LOC_STRINGS = YES;
				SWIFT_UPCOMING_FEATURE_MEMBER_IMPORT_VISIBILITY = YES;
				SWIFT_VERSION = 5.0;
			};
			name = Release;
		};
		D0C100082FA4000000000008 /* Debug */ = {
			isa = XCBuildConfiguration;
			buildSettings = {
				CODE_SIGN_IDENTITY = "Apple Development";
				CODE_SIGN_STYLE = Automatic;
				CURRENT_PROJECT_VERSION = 202607010;
				DEBUG_INFORMATION_FORMAT = "dwarf-with-dsym";
				DEVELOPMENT_TEAM = 2KC3797KP9;
				ENABLE_APP_SANDBOX = NO;
				ENABLE_HARDENED_RUNTIME = YES;
				ENABLE_USER_SCRIPT_SANDBOXING = NO;
				GENERATE_INFOPLIST_FILE = YES;
				INFOPLIST_KEY_CFBundleDisplayName = "Docky Dock Watchdog";
				INFOPLIST_KEY_LSBackgroundOnly = YES;
				INFOPLIST_KEY_NSHumanReadableCopyright = "";
				MACOSX_DEPLOYMENT_TARGET = 14.0;
				MARKETING_VERSION = 0.9.1;
				PRODUCT_BUNDLE_IDENTIFIER = gt.quintero.Docky.DockWatchdog;
				PRODUCT_NAME = "$(TARGET_NAME)";
				PROVISIONING_PROFILE_SPECIFIER = "";
				SKIP_INSTALL = YES;
				SWIFT_APPROACHABLE_CONCURRENCY = YES;
				SWIFT_DEFAULT_ACTOR_ISOLATION = MainActor;
				SWIFT_EMIT_LOC_STRINGS = YES;
				SWIFT_UPCOMING_FEATURE_MEMBER_IMPORT_VISIBILITY = YES;
				SWIFT_VERSION = 5.0;
			};
			name = Debug;
		};
		D0C100092FA4000000000009 /* Release */ = {
			isa = XCBuildConfiguration;
			buildSettings = {
				CODE_SIGN_IDENTITY = "Apple Development";
				CODE_SIGN_STYLE = Automatic;
				CURRENT_PROJECT_VERSION = 202607010;
				DEBUG_INFORMATION_FORMAT = "dwarf-with-dsym";
				DEVELOPMENT_TEAM = 2KC3797KP9;
				ENABLE_APP_SANDBOX = NO;
				ENABLE_HARDENED_RUNTIME = YES;
				ENABLE_USER_SCRIPT_SANDBOXING = NO;
				GENERATE_INFOPLIST_FILE = YES;
				INFOPLIST_KEY_CFBundleDisplayName = "Docky Dock Watchdog";
				INFOPLIST_KEY_LSBackgroundOnly = YES;
				INFOPLIST_KEY_NSHumanReadableCopyright = "";
				MACOSX_DEPLOYMENT_TARGET = 14.0;
				MARKETING_VERSION = 0.9.1;
				PRODUCT_BUNDLE_IDENTIFIER = gt.quintero.Docky.DockWatchdog;
				PRODUCT_NAME = "$(TARGET_NAME)";
				PROVISIONING_PROFILE_SPECIFIER = "";
				SKIP_INSTALL = YES;
				SWIFT_APPROACHABLE_CONCURRENCY = YES;
				SWIFT_COMPILATION_MODE = wholemodule;
				SWIFT_DEFAULT_ACTOR_ISOLATION = MainActor;
				SWIFT_EMIT_LOC_STRINGS = YES;
				SWIFT_UPCOMING_FEATURE_MEMBER_IMPORT_VISIBILITY = YES;
				SWIFT_VERSION = 5.0;
			};
			name = Release;
		};
		D0C2A00D2FB000000000000D /* Debug */ = {
			isa = XCBuildConfiguration;
			buildSettings = {
				CLANG_ENABLE_MODULES = YES;
				CODE_SIGN_IDENTITY = "";
				CODE_SIGNING_ALLOWED = NO;
				CODE_SIGNING_REQUIRED = NO;
				GENERATE_INFOPLIST_FILE = YES;
				MACOSX_DEPLOYMENT_TARGET = 14.0;
				PRODUCT_BUNDLE_IDENTIFIER = gt.quintero.DockyTests;
				PRODUCT_NAME = "$(TARGET_NAME)";
				SDKROOT = macosx;
				SKIP_INSTALL = YES;
				SWIFT_VERSION = 5.0;
				TEST_HOST = "";
			};
			name = Debug;
		};
		D0C2A00E2FB000000000000E /* Release */ = {
			isa = XCBuildConfiguration;
			buildSettings = {
				CLANG_ENABLE_MODULES = YES;
				CODE_SIGN_IDENTITY = "";
				CODE_SIGNING_ALLOWED = NO;
				CODE_SIGNING_REQUIRED = NO;
				GENERATE_INFOPLIST_FILE = YES;
				MACOSX_DEPLOYMENT_TARGET = 14.0;
				PRODUCT_BUNDLE_IDENTIFIER = gt.quintero.DockyTests;
				PRODUCT_NAME = "$(TARGET_NAME)";
				SDKROOT = macosx;
				SKIP_INSTALL = YES;
				SWIFT_VERSION = 5.0;
				TEST_HOST = "";
			};
			name = Release;
		};
/* End XCBuildConfiguration section */

/* Begin XCConfigurationList section */
		11051DE22F929079005CE09D /* Build configuration list for PBXProject "Docky" */ = {
			isa = XCConfigurationList;
			buildConfigurations = (
				11051DF12F92907A005CE09D /* Debug */,
				11051DF22F92907A005CE09D /* Release */,
			);
			defaultConfigurationIsVisible = 0;
			defaultConfigurationName = Release;
		};
		11051DF32F92907A005CE09D /* Build configuration list for PBXNativeTarget "Docky" */ = {
			isa = XCConfigurationList;
			buildConfigurations = (
				11051DF42F92907A005CE09D /* Debug */,
				11051DF52F92907A005CE09D /* Release */,
			);
			defaultConfigurationIsVisible = 0;
			defaultConfigurationName = Release;
		};
		D0C100072FA4000000000007 /* Build configuration list for PBXNativeTarget "DockyDockWatchdog" */ = {
			isa = XCConfigurationList;
			buildConfigurations = (
				D0C100082FA4000000000008 /* Debug */,
				D0C100092FA4000000000009 /* Release */,
			);
			defaultConfigurationIsVisible = 0;
			defaultConfigurationName = Release;
		};
		D0C2A00F2FB000000000000F /* Build configuration list for PBXNativeTarget "DockyTests" */ = {
			isa = XCConfigurationList;
			buildConfigurations = (
				D0C2A00D2FB000000000000D /* Debug */,
				D0C2A00E2FB000000000000E /* Release */,
			);
			defaultConfigurationIsVisible = 0;
			defaultConfigurationName = Release;
		};
/* End XCConfigurationList section */

/* Begin XCRemoteSwiftPackageReference section */
		113717662FA17B980012480C /* XCRemoteSwiftPackageReference "Sparkle" */ = {
			isa = XCRemoteSwiftPackageReference;
			repositoryURL = "https://github.com/sparkle-project/Sparkle";
			requirement = {
				kind = upToNextMajorVersion;
				minimumVersion = 2.9.1;
			};
		};
/* End XCRemoteSwiftPackageReference section */

/* Begin XCSwiftPackageProductDependency section */
		113717672FA17B980012480C /* Sparkle */ = {
			isa = XCSwiftPackageProductDependency;
			package = 113717662FA17B980012480C /* XCRemoteSwiftPackageReference "Sparkle" */;
			productName = Sparkle;
		};
/* End XCSwiftPackageProductDependency section */
	};
	rootObject = 11051DDF2F929079005CE09D /* Project object */;
}
